
Microsoft Visual Studio Solution File, Format Version 12.00
# Visual Studio Version 16
VisualStudioVersion = 16.0.29728.190
MinimumVisualStudioVersion = 10.0.40219.1
Project("{888888A0-9F3D-457C-B088-3A5042F75D52}") = "Email_System", "Email_System\Email_System.pyproj", "{0690C052-FC1D-4338-A72F-152BA5C75E86}"
EndProject
Global
	GlobalSection(SolutionConfigurationPlatforms) = preSolution
		Debug|Any CPU = Debug|Any CPU
		Release|Any CPU = Release|Any CPU
	EndGlobalSection
	GlobalSection(ProjectConfigurationPlatforms) = postSolution
		{0690C052-FC1D-4338-A72F-152BA5C75E86}.Debug|Any CPU.ActiveCfg = Debug|Any CPU
		{0690C052-FC1D-4338-A72F-152BA5C75E86}.Debug|Any CPU.Build.0 = Debug|Any CPU
		{0690C052-FC1D-4338-A72F-152BA5C75E86}.Release|Any CPU.ActiveCfg = Release|Any CPU
		{0690C052-FC1D-4338-A72F-152BA5C75E86}.Release|Any CPU.Build.0 = Release|Any CPU
	EndGlobalSection
	GlobalSection(SolutionProperties) = preSolution
		HideSolutionNode = FALSE
	EndGlobalSection
	GlobalSection(ExtensibilityGlobals) = postSolution
		SolutionGuid = {3147AB03-F554-40A2-B7C8-87100A3423C4}
	EndGlobalSection
EndGlobal
